
Microsoft Visual Studio Solution File, Format Version 12.00
# Visual Studio Version 17
VisualStudioVersion = 17.10.35027.167
MinimumVisualStudioVersion = 10.0.40219.1
Project("{FAE04EC0-301F-11D3-BF4B-00C04F79EFBC}") = "WebApplication1", "WebApplication1.csproj", "{79AA4E26-66DF-4E75-9F80-81C2A7568B7B}"
EndProject
Global
	GlobalSection(SolutionConfigurationPlatforms) = preSolution
		Debug|Any CPU = Debug|Any CPU
		Release|Any CPU = Release|Any CPU
	EndGlobalSection
	GlobalSection(ProjectConfigurationPlatforms) = postSolution
		{79AA4E26-66DF-4E75-9F80-81C2A7568B7B}.Debug|Any CPU.ActiveCfg = Debug|Any CPU
		{79AA4E26-66DF-4E75-9F80-81C2A7568B7B}.Debug|Any CPU.Build.0 = Debug|Any CPU
		{79AA4E26-66DF-4E75-9F80-81C2A7568B7B}.Release|Any CPU.ActiveCfg = Release|Any CPU
		{79AA4E26-66DF-4E75-9F80-81C2A7568B7B}.Release|Any CPU.Build.0 = Release|Any CPU
	EndGlobalSection
	GlobalSection(SolutionProperties) = preSolution
		HideSolutionNode = FALSE
	EndGlobalSection
	GlobalSection(ExtensibilityGlobals) = postSolution
		SolutionGuid = {41055C2D-1C09-4477-A691-6AE099D9070B}
	EndGlobalSection
EndGlobal
